
Microsoft Visual Studio Solution File, Format Version 12.00
# Visual Studio Version 17
VisualStudioVersion = 17.11.35327.3
MinimumVisualStudioVersion = 10.0.40219.1
Project("{9A19103F-16F7-4668-BE54-9A1E7A4F7556}") = "JobSearch", "JobSearch\JobSearch.csproj", "{CC66360A-082D-45E4-8162-A96123D2F558}"
EndProject
Project("{2150E333-8FDC-42A3-9474-1A3956D46DE8}") = "Solution Items", "Solution Items", "{5E405F23-6A53-43C8-935D-73B7052238D7}"
	ProjectSection(SolutionItems) = preProject
		.editorconfig = .editorconfig
	EndProjectSection
EndProject
Global
	GlobalSection(SolutionConfigurationPlatforms) = preSolution
		Debug|Any CPU = Debug|Any CPU
		Release|Any CPU = Release|Any CPU
	EndGlobalSection
	GlobalSection(ProjectConfigurationPlatforms) = postSolution
		{CC66360A-082D-45E4-8162-A96123D2F558}.Debug|Any CPU.ActiveCfg = Debug|Any CPU
		{CC66360A-082D-45E4-8162-A96123D2F558}.Debug|Any CPU.Build.0 = Debug|Any CPU
		{CC66360A-082D-45E4-8162-A96123D2F558}.Release|Any CPU.ActiveCfg = Release|Any CPU
		{CC66360A-082D-45E4-8162-A96123D2F558}.Release|Any CPU.Build.0 = Release|Any CPU
	EndGlobalSection
	GlobalSection(SolutionProperties) = preSolution
		HideSolutionNode = FALSE
	EndGlobalSection
	GlobalSection(ExtensibilityGlobals) = postSolution
		SolutionGuid = {FEB0F150-1E98-49F6-9E56-FD54753DE906}
	EndGlobalSection
EndGlobal
